
Microsoft Visual Studio Solution File, Format Version 12.00
# Visual Studio 15
VisualStudioVersion = 15.0.26124.0
MinimumVisualStudioVersion = 15.0.26124.0
Project("{2150E333-8FDC-42A3-9474-1A3956D46DE8}") = "src", "src", "{51289535-681F-443B-8598-66E3C718A5B9}"
EndProject
Project("{FAE04EC0-301F-11D3-BF4B-00C04F79EFBC}") = "Predictor-Console", "src\Predictor-Console\Predictor-Console.csproj", "{3EF6853E-5347-4E9F-A3A9-78C135F4D0BB}"
EndProject
Global
	GlobalSection(SolutionConfigurationPlatforms) = preSolution
		Debug|Any CPU = Debug|Any CPU
		Debug|x64 = Debug|x64
		Debug|x86 = Debug|x86
		Release|Any CPU = Release|Any CPU
		Release|x64 = Release|x64
		Release|x86 = Release|x86
	EndGlobalSection
	GlobalSection(SolutionProperties) = preSolution
		HideSolutionNode = FALSE
	EndGlobalSection
	GlobalSection(ProjectConfigurationPlatforms) = postSolution
		{DC641167-06CC-4541-8E1C-3BC237238044}.Debug|Any CPU.ActiveCfg = Debug|Any CPU
		{DC641167-06CC-4541-8E1C-3BC237238044}.Debug|Any CPU.Build.0 = Debug|Any CPU
		{DC641167-06CC-4541-8E1C-3BC237238044}.Debug|x64.ActiveCfg = Debug|Any CPU
		{DC641167-06CC-4541-8E1C-3BC237238044}.Debug|x64.Build.0 = Debug|Any CPU
		{DC641167-06CC-4541-8E1C-3BC237238044}.Debug|x86.ActiveCfg = Debug|Any CPU
		{DC641167-06CC-4541-8E1C-3BC237238044}.Debug|x86.Build.0 = Debug|Any CPU
		{DC641167-06CC-4541-8E1C-3BC237238044}.Release|Any CPU.ActiveCfg = Release|Any CPU
		{DC641167-06CC-4541-8E1C-3BC237238044}.Release|Any CPU.Build.0 = Release|Any CPU
		{DC641167-06CC-4541-8E1C-3BC237238044}.Release|x64.ActiveCfg = Release|Any CPU
		{DC641167-06CC-4541-8E1C-3BC237238044}.Release|x64.Build.0 = Release|Any CPU
		{DC641167-06CC-4541-8E1C-3BC237238044}.Release|x86.ActiveCfg = Release|Any CPU
		{DC641167-06CC-4541-8E1C-3BC237238044}.Release|x86.Build.0 = Release|Any CPU
		{3EF6853E-5347-4E9F-A3A9-78C135F4D0BB}.Debug|Any CPU.ActiveCfg = Debug|Any CPU
		{3EF6853E-5347-4E9F-A3A9-78C135F4D0BB}.Debug|Any CPU.Build.0 = Debug|Any CPU
		{3EF6853E-5347-4E9F-A3A9-78C135F4D0BB}.Debug|x64.ActiveCfg = Debug|Any CPU
		{3EF6853E-5347-4E9F-A3A9-78C135F4D0BB}.Debug|x64.Build.0 = Debug|Any CPU
		{3EF6853E-5347-4E9F-A3A9-78C135F4D0BB}.Debug|x86.ActiveCfg = Debug|Any CPU
		{3EF6853E-5347-4E9F-A3A9-78C135F4D0BB}.Debug|x86.Build.0 = Debug|Any CPU
		{3EF6853E-5347-4E9F-A3A9-78C135F4D0BB}.Release|Any CPU.ActiveCfg = Release|Any CPU
		{3EF6853E-5347-4E9F-A3A9-78C135F4D0BB}.Release|Any CPU.Build.0 = Release|Any CPU
		{3EF6853E-5347-4E9F-A3A9-78C135F4D0BB}.Release|x64.ActiveCfg = Release|Any CPU
		{3EF6853E-5347-4E9F-A3A9-78C135F4D0BB}.Release|x64.Build.0 = Release|Any CPU
		{3EF6853E-5347-4E9F-A3A9-78C135F4D0BB}.Release|x86.ActiveCfg = Release|Any CPU
		{3EF6853E-5347-4E9F-A3A9-78C135F4D0BB}.Release|x86.Build.0 = Release|Any CPU
	EndGlobalSection
	GlobalSection(NestedProjects) = preSolution
		{DC641167-06CC-4541-8E1C-3BC237238044} = {51289535-681F-443B-8598-66E3C718A5B9}
		{3EF6853E-5347-4E9F-A3A9-78C135F4D0BB} = {51289535-681F-443B-8598-66E3C718A5B9}
	EndGlobalSection
EndGlobal
