
Microsoft Visual Studio Solution File, Format Version 12.00
# Visual Studio Version 16
VisualStudioVersion = 16.0.29006.145
MinimumVisualStudioVersion = 15.0.26124.0
Project("{2150E333-8FDC-42A3-9474-1A3956D46DE8}") = "src", "src", "{58042FEC-DD9E-4713-B81D-EC817BB33489}"
EndProject
Project("{9A19103F-16F7-4668-BE54-9A1E7A4F7556}") = "Predictor.Api", "src\Predictor.Api\Predictor.Api.csproj", "{D2760AD5-3F3A-40AA-86B8-F4FDD2120077}"
EndProject
Project("{FAE04EC0-301F-11D3-BF4B-00C04F79EFBC}") = "Predictor.ML", "Predictor.ML\Predictor.ML.csproj", "{8112605A-4605-4D99-8C9A-E358C531D104}"
EndProject
Global
	GlobalSection(SolutionConfigurationPlatforms) = preSolution
		Debug|Any CPU = Debug|Any CPU
		Debug|x64 = Debug|x64
		Debug|x86 = Debug|x86
		Release|Any CPU = Release|Any CPU
		Release|x64 = Release|x64
		Release|x86 = Release|x86
	EndGlobalSection
	GlobalSection(ProjectConfigurationPlatforms) = postSolution
		{D2760AD5-3F3A-40AA-86B8-F4FDD2120077}.Debug|Any CPU.ActiveCfg = Debug|Any CPU
		{D2760AD5-3F3A-40AA-86B8-F4FDD2120077}.Debug|Any CPU.Build.0 = Debug|Any CPU
		{D2760AD5-3F3A-40AA-86B8-F4FDD2120077}.Debug|x64.ActiveCfg = Debug|Any CPU
		{D2760AD5-3F3A-40AA-86B8-F4FDD2120077}.Debug|x64.Build.0 = Debug|Any CPU
		{D2760AD5-3F3A-40AA-86B8-F4FDD2120077}.Debug|x86.ActiveCfg = Debug|Any CPU
		{D2760AD5-3F3A-40AA-86B8-F4FDD2120077}.Debug|x86.Build.0 = Debug|Any CPU
		{D2760AD5-3F3A-40AA-86B8-F4FDD2120077}.Release|Any CPU.ActiveCfg = Release|Any CPU
		{D2760AD5-3F3A-40AA-86B8-F4FDD2120077}.Release|Any CPU.Build.0 = Release|Any CPU
		{D2760AD5-3F3A-40AA-86B8-F4FDD2120077}.Release|x64.ActiveCfg = Release|Any CPU
		{D2760AD5-3F3A-40AA-86B8-F4FDD2120077}.Release|x64.Build.0 = Release|Any CPU
		{D2760AD5-3F3A-40AA-86B8-F4FDD2120077}.Release|x86.ActiveCfg = Release|Any CPU
		{D2760AD5-3F3A-40AA-86B8-F4FDD2120077}.Release|x86.Build.0 = Release|Any CPU
		{8112605A-4605-4D99-8C9A-E358C531D104}.Debug|Any CPU.ActiveCfg = Debug|Any CPU
		{8112605A-4605-4D99-8C9A-E358C531D104}.Debug|Any CPU.Build.0 = Debug|Any CPU
		{8112605A-4605-4D99-8C9A-E358C531D104}.Debug|x64.ActiveCfg = Debug|Any CPU
		{8112605A-4605-4D99-8C9A-E358C531D104}.Debug|x64.Build.0 = Debug|Any CPU
		{8112605A-4605-4D99-8C9A-E358C531D104}.Debug|x86.ActiveCfg = Debug|Any CPU
		{8112605A-4605-4D99-8C9A-E358C531D104}.Debug|x86.Build.0 = Debug|Any CPU
		{8112605A-4605-4D99-8C9A-E358C531D104}.Release|Any CPU.ActiveCfg = Release|Any CPU
		{8112605A-4605-4D99-8C9A-E358C531D104}.Release|Any CPU.Build.0 = Release|Any CPU
		{8112605A-4605-4D99-8C9A-E358C531D104}.Release|x64.ActiveCfg = Release|Any CPU
		{8112605A-4605-4D99-8C9A-E358C531D104}.Release|x64.Build.0 = Release|Any CPU
		{8112605A-4605-4D99-8C9A-E358C531D104}.Release|x86.ActiveCfg = Release|Any CPU
		{8112605A-4605-4D99-8C9A-E358C531D104}.Release|x86.Build.0 = Release|Any CPU
	EndGlobalSection
	GlobalSection(SolutionProperties) = preSolution
		HideSolutionNode = FALSE
	EndGlobalSection
	GlobalSection(NestedProjects) = preSolution
		{D2760AD5-3F3A-40AA-86B8-F4FDD2120077} = {58042FEC-DD9E-4713-B81D-EC817BB33489}
		{8112605A-4605-4D99-8C9A-E358C531D104} = {58042FEC-DD9E-4713-B81D-EC817BB33489}
	EndGlobalSection
	GlobalSection(ExtensibilityGlobals) = postSolution
		SolutionGuid = {9E0C25BF-1BC4-461E-8DC4-491A476139CC}
	EndGlobalSection
EndGlobal
